
Microsoft Visual Studio Solution File, Format Version 12.00
# Visual Studio Version 17
VisualStudioVersion = 17.12.35506.116
MinimumVisualStudioVersion = 10.0.40219.1
Project("{FAE04EC0-301F-11D3-BF4B-00C04F79EFBC}") = "ASP_Presentation", "ASP_Presentation\ASP_Presentation.csproj", "{CCE34238-E9DF-4986-9495-45EA4B651BBA}"
EndProject
Project("{FAE04EC0-301F-11D3-BF4B-00C04F79EFBC}") = "Business", "Business\Business.csproj", "{D98BEC4B-2AAA-419C-A373-E619CCDA88E2}"
EndProject
Project("{FAE04EC0-301F-11D3-BF4B-00C04F79EFBC}") = "Data", "Data\Data.csproj", "{4C9DAFBA-3C39-458B-A938-2BEAEEE13FDA}"
EndProject
Project("{FAE04EC0-301F-11D3-BF4B-00C04F79EFBC}") = "Domain", "Domain\Domain.csproj", "{33B9FD5E-588A-414D-A6DF-77ED119095EE}"
EndProject
Global
	GlobalSection(SolutionConfigurationPlatforms) = preSolution
		Debug|Any CPU = Debug|Any CPU
		Release|Any CPU = Release|Any CPU
	EndGlobalSection
	GlobalSection(ProjectConfigurationPlatforms) = postSolution
		{CCE34238-E9DF-4986-9495-45EA4B651BBA}.Debug|Any CPU.ActiveCfg = Debug|Any CPU
		{CCE34238-E9DF-4986-9495-45EA4B651BBA}.Debug|Any CPU.Build.0 = Debug|Any CPU
		{CCE34238-E9DF-4986-9495-45EA4B651BBA}.Release|Any CPU.ActiveCfg = Release|Any CPU
		{CCE34238-E9DF-4986-9495-45EA4B651BBA}.Release|Any CPU.Build.0 = Release|Any CPU
		{D98BEC4B-2AAA-419C-A373-E619CCDA88E2}.Debug|Any CPU.ActiveCfg = Debug|Any CPU
		{D98BEC4B-2AAA-419C-A373-E619CCDA88E2}.Debug|Any CPU.Build.0 = Debug|Any CPU
		{D98BEC4B-2AAA-419C-A373-E619CCDA88E2}.Release|Any CPU.ActiveCfg = Release|Any CPU
		{D98BEC4B-2AAA-419C-A373-E619CCDA88E2}.Release|Any CPU.Build.0 = Release|Any CPU
		{4C9DAFBA-3C39-458B-A938-2BEAEEE13FDA}.Debug|Any CPU.ActiveCfg = Debug|Any CPU
		{4C9DAFBA-3C39-458B-A938-2BEAEEE13FDA}.Debug|Any CPU.Build.0 = Debug|Any CPU
		{4C9DAFBA-3C39-458B-A938-2BEAEEE13FDA}.Release|Any CPU.ActiveCfg = Release|Any CPU
		{4C9DAFBA-3C39-458B-A938-2BEAEEE13FDA}.Release|Any CPU.Build.0 = Release|Any CPU
		{33B9FD5E-588A-414D-A6DF-77ED119095EE}.Debug|Any CPU.ActiveCfg = Debug|Any CPU
		{33B9FD5E-588A-414D-A6DF-77ED119095EE}.Debug|Any CPU.Build.0 = Debug|Any CPU
		{33B9FD5E-588A-414D-A6DF-77ED119095EE}.Release|Any CPU.ActiveCfg = Release|Any CPU
		{33B9FD5E-588A-414D-A6DF-77ED119095EE}.Release|Any CPU.Build.0 = Release|Any CPU
	EndGlobalSection
	GlobalSection(SolutionProperties) = preSolution
		HideSolutionNode = FALSE
	EndGlobalSection
EndGlobal
